
Microsoft Visual Studio Solution File, Format Version 12.00
# Visual Studio 15
VisualStudioVersion = 15.0.28010.2019
MinimumVisualStudioVersion = 10.0.40219.1
Project("{FAE04EC0-301F-11D3-BF4B-00C04F79EFBC}") = "PetaPoco.SqlKata", "PetaPoco.SqlKata\PetaPoco.SqlKata.csproj", "{C06BA23C-3134-4E5D-BF7B-EE80F5737C45}"
EndProject
Global
	GlobalSection(SolutionConfigurationPlatforms) = preSolution
		Debug|Any CPU = Debug|Any CPU
		Release|Any CPU = Release|Any CPU
	EndGlobalSection
	GlobalSection(ProjectConfigurationPlatforms) = postSolution
		{C06BA23C-3134-4E5D-BF7B-EE80F5737C45}.Debug|Any CPU.ActiveCfg = Debug|Any CPU
		{C06BA23C-3134-4E5D-BF7B-EE80F5737C45}.Debug|Any CPU.Build.0 = Debug|Any CPU
		{C06BA23C-3134-4E5D-BF7B-EE80F5737C45}.Release|Any CPU.ActiveCfg = Release|Any CPU
		{C06BA23C-3134-4E5D-BF7B-EE80F5737C45}.Release|Any CPU.Build.0 = Release|Any CPU
	EndGlobalSection
	GlobalSection(SolutionProperties) = preSolution
		HideSolutionNode = FALSE
	EndGlobalSection
	GlobalSection(ExtensibilityGlobals) = postSolution
		SolutionGuid = {7CC0A413-2835-4EBA-AD0C-6D7D40E9A9E7}
	EndGlobalSection
EndGlobal
