
Microsoft Visual Studio Solution File, Format Version 12.00
# Visual Studio Version 16
VisualStudioVersion = 16.0.30804.86
MinimumVisualStudioVersion = 10.0.40219.1
Project("{9A19103F-16F7-4668-BE54-9A1E7A4F7556}") = "PetaPoco.SqlKata", "PetaPoco.SqlKata\PetaPoco.SqlKata.csproj", "{C06BA23C-3134-4E5D-BF7B-EE80F5737C45}"
EndProject
Project("{9A19103F-16F7-4668-BE54-9A1E7A4F7556}") = "PetaPoco.SqlKata.Tests", "PetaPoco.SqlKata.Tests\PetaPoco.SqlKata.Tests.csproj", "{1BEE3731-A1F9-4099-A09B-109DC9248625}"
EndProject
Project("{2150E333-8FDC-42A3-9474-1A3956D46DE8}") = "Solution Items", "Solution Items", "{447D13E6-0522-4666-B601-F8B07249513B}"
	ProjectSection(SolutionItems) = preProject
		.github\workflows\dotnet.yml = .github\workflows\dotnet.yml
		README.md = README.md
	EndProjectSection
EndProject
Global
	GlobalSection(SolutionConfigurationPlatforms) = preSolution
		Debug|Any CPU = Debug|Any CPU
		Release|Any CPU = Release|Any CPU
	EndGlobalSection
	GlobalSection(ProjectConfigurationPlatforms) = postSolution
		{C06BA23C-3134-4E5D-BF7B-EE80F5737C45}.Debug|Any CPU.ActiveCfg = Debug|Any CPU
		{C06BA23C-3134-4E5D-BF7B-EE80F5737C45}.Debug|Any CPU.Build.0 = Debug|Any CPU
		{C06BA23C-3134-4E5D-BF7B-EE80F5737C45}.Release|Any CPU.ActiveCfg = Release|Any CPU
		{C06BA23C-3134-4E5D-BF7B-EE80F5737C45}.Release|Any CPU.Build.0 = Release|Any CPU
		{1BEE3731-A1F9-4099-A09B-109DC9248625}.Debug|Any CPU.ActiveCfg = Debug|Any CPU
		{1BEE3731-A1F9-4099-A09B-109DC9248625}.Debug|Any CPU.Build.0 = Debug|Any CPU
		{1BEE3731-A1F9-4099-A09B-109DC9248625}.Release|Any CPU.ActiveCfg = Release|Any CPU
		{1BEE3731-A1F9-4099-A09B-109DC9248625}.Release|Any CPU.Build.0 = Release|Any CPU
	EndGlobalSection
	GlobalSection(SolutionProperties) = preSolution
		HideSolutionNode = FALSE
	EndGlobalSection
	GlobalSection(ExtensibilityGlobals) = postSolution
		SolutionGuid = {7CC0A413-2835-4EBA-AD0C-6D7D40E9A9E7}
	EndGlobalSection
EndGlobal
