{
  "version": 1,
  "dependencies": {
    ".NETFramework,Version=v4.5": {
      "Nerdbank.GitVersioning": {
        "type": "Direct",
        "requested": "[2.2.13, )",
        "resolved": "2.2.13",
        "contentHash": "DOu4zrd/Yehnc9lIHim/O3ij0Gbzcph9d2Jgw6pFVCQZu5eaPTaRLI1IvgpRCOBdaNiwN070wlmx/X15bbGC3w=="
      },
      "PetaPoco.Compiled": {
        "type": "Direct",
        "requested": "[6.0.316, 7.0.0)",
        "resolved": "6.0.316",
        "contentHash": "rc2uSlYyGqA2OzreuIRgWstTvX0px7AMqYlqAd5qapvGgQVX7/IsX7gKgbuJ7DIUoK+l4O1SJ/I1m7FhxXcK/g=="
      },
      "SqlKata": {
        "type": "Direct",
        "requested": "[2.1.0, 3.0.0)",
        "resolved": "2.1.0",
        "contentHash": "epWsWesCKESLUD2ABT3klLlrHDGPj/fB9X5ljB1GerjcvVmRTjR6/lvwvt5RAOOUzK+potWxnv/Z+xD9+eWqvg=="
      }
    },
    ".NETStandard,Version=v2.0": {
      "Nerdbank.GitVersioning": {
        "type": "Direct",
        "requested": "[2.2.13, )",
        "resolved": "2.2.13",
        "contentHash": "DOu4zrd/Yehnc9lIHim/O3ij0Gbzcph9d2Jgw6pFVCQZu5eaPTaRLI1IvgpRCOBdaNiwN070wlmx/X15bbGC3w=="
      },
      "NETStandard.Library": {
        "type": "Direct",
        "requested": "[2.0.3, )",
        "resolved": "2.0.3",
        "contentHash": "st47PosZSHrjECdjeIzZQbzivYBJFv6P2nv4cj2ypdI204DO+vZ7l5raGMiX4eXMJ53RfOIg+/s4DHVZ54Nu2A==",
        "dependencies": {
          "Microsoft.NETCore.Platforms": "1.1.0"
        }
      },
      "PetaPoco.Compiled": {
        "type": "Direct",
        "requested": "[6.0.316, 7.0.0)",
        "resolved": "6.0.316",
        "contentHash": "rc2uSlYyGqA2OzreuIRgWstTvX0px7AMqYlqAd5qapvGgQVX7/IsX7gKgbuJ7DIUoK+l4O1SJ/I1m7FhxXcK/g==",
        "dependencies": {
          "System.Reflection.Emit.ILGeneration": "4.3.0",
          "System.Reflection.Emit.Lightweight": "4.3.0"
        }
      },
      "SqlKata": {
        "type": "Direct",
        "requested": "[2.1.0, 3.0.0)",
        "resolved": "2.1.0",
        "contentHash": "epWsWesCKESLUD2ABT3klLlrHDGPj/fB9X5ljB1GerjcvVmRTjR6/lvwvt5RAOOUzK+potWxnv/Z+xD9+eWqvg==",
        "dependencies": {
          "NETStandard.Library": "1.6.1"
        }
      },
      "Microsoft.NETCore.Platforms": {
        "type": "Transitive",
        "resolved": "1.1.0",
        "contentHash": "kz0PEW2lhqygehI/d6XsPCQzD7ff7gUJaVGPVETX611eadGsA3A877GdSlU0LRVMCTH/+P3o2iDTak+S08V2+A=="
      },
      "Microsoft.NETCore.Targets": {
        "type": "Transitive",
        "resolved": "1.1.0",
        "contentHash": "aOZA3BWfz9RXjpzt0sRJJMjAscAUm3Hoa4UWAfceV9UTYxgwZ1lZt5nO2myFf+/jetYQo4uTP7zS8sJY67BBxg=="
      },
      "System.IO": {
        "type": "Transitive",
        "resolved": "4.3.0",
        "contentHash": "3qjaHvxQPDpSOYICjUoTsmoq5u6QJAFRUITgeT/4gqkF1bajbSmb1kwSxEA8AHlofqgcKJcM8udgieRNhaJ5Cg==",
        "dependencies": {
          "Microsoft.NETCore.Platforms": "1.1.0",
          "Microsoft.NETCore.Targets": "1.1.0",
          "System.Runtime": "4.3.0",
          "System.Text.Encoding": "4.3.0",
          "System.Threading.Tasks": "4.3.0"
        }
      },
      "System.Reflection": {
        "type": "Transitive",
        "resolved": "4.3.0",
        "contentHash": "KMiAFoW7MfJGa9nDFNcfu+FpEdiHpWgTcS2HdMpDvt9saK3y/G4GwprPyzqjFH9NTaGPQeWNHU+iDlDILj96aQ==",
        "dependencies": {
          "Microsoft.NETCore.Platforms": "1.1.0",
          "Microsoft.NETCore.Targets": "1.1.0",
          "System.IO": "4.3.0",
          "System.Reflection.Primitives": "4.3.0",
          "System.Runtime": "4.3.0"
        }
      },
      "System.Reflection.Emit.ILGeneration": {
        "type": "Transitive",
        "resolved": "4.3.0",
        "contentHash": "59tBslAk9733NXLrUJrwNZEzbMAcu8k344OYo+wfSVygcgZ9lgBdGIzH/nrg3LYhXceynyvTc8t5/GD4Ri0/ng==",
        "dependencies": {
          "System.Reflection": "4.3.0",
          "System.Reflection.Primitives": "4.3.0",
          "System.Runtime": "4.3.0"
        }
      },
      "System.Reflection.Emit.Lightweight": {
        "type": "Transitive",
        "resolved": "4.3.0",
        "contentHash": "oadVHGSMsTmZsAF864QYN1t1QzZjIcuKU3l2S9cZOwDdDueNTrqq1yRj7koFfIGEnKpt6NjpL3rOzRhs4ryOgA==",
        "dependencies": {
          "System.Reflection": "4.3.0",
          "System.Reflection.Emit.ILGeneration": "4.3.0",
          "System.Reflection.Primitives": "4.3.0",
          "System.Runtime": "4.3.0"
        }
      },
      "System.Reflection.Primitives": {
        "type": "Transitive",
        "resolved": "4.3.0",
        "contentHash": "5RXItQz5As4xN2/YUDxdpsEkMhvw3e6aNveFXUn4Hl/udNTCNhnKp8lT9fnc3MhvGKh1baak5CovpuQUXHAlIA==",
        "dependencies": {
          "Microsoft.NETCore.Platforms": "1.1.0",
          "Microsoft.NETCore.Targets": "1.1.0",
          "System.Runtime": "4.3.0"
        }
      },
      "System.Runtime": {
        "type": "Transitive",
        "resolved": "4.3.0",
        "contentHash": "JufQi0vPQ0xGnAczR13AUFglDyVYt4Kqnz1AZaiKZ5+GICq0/1MH/mO/eAJHt/mHW1zjKBJd7kV26SrxddAhiw==",
        "dependencies": {
          "Microsoft.NETCore.Platforms": "1.1.0",
          "Microsoft.NETCore.Targets": "1.1.0"
        }
      },
      "System.Text.Encoding": {
        "type": "Transitive",
        "resolved": "4.3.0",
        "contentHash": "BiIg+KWaSDOITze6jGQynxg64naAPtqGHBwDrLaCtixsa5bKiR8dpPOHA7ge3C0JJQizJE+sfkz1wV+BAKAYZw==",
        "dependencies": {
          "Microsoft.NETCore.Platforms": "1.1.0",
          "Microsoft.NETCore.Targets": "1.1.0",
          "System.Runtime": "4.3.0"
        }
      },
      "System.Threading.Tasks": {
        "type": "Transitive",
        "resolved": "4.3.0",
        "contentHash": "LbSxKEdOUhVe8BezB/9uOGGppt+nZf6e1VFyw6v3DN6lqitm0OSn2uXMOdtP0M3W4iMcqcivm2J6UgqiwwnXiA==",
        "dependencies": {
          "Microsoft.NETCore.Platforms": "1.1.0",
          "Microsoft.NETCore.Targets": "1.1.0",
          "System.Runtime": "4.3.0"
        }
      }
    }
  }
}